// !$*UTF8*$!
{
	archiveVersion = 1;
	classes = {
	};
	objectVersion = 48;
	objects = {

/* Begin PBXBuildFile section */
		9D099C431FF26AAB0070F921 /* AppDelegate.swift in Sources */ = {isa = PBXBuildFile; fileRef = 9D099C421FF26AAB0070F921 /* AppDelegate.swift */; };
		9D099C451FF26AAB0070F921 /* NotesViewController.swift in Sources */ = {isa = PBXBuildFile; fileRef = 9D099C441FF26AAB0070F921 /* NotesViewController.swift */; };
		9D099C481FF26AAB0070F921 /* Notes.storyboard in Resources */ = {isa = PBXBuildFile; fileRef = 9D099C461FF26AAB0070F921 /* Notes.storyboard */; };
		9D099C4A1FF26AAB0070F921 /* Assets.xcassets in Resources */ = {isa = PBXBuildFile; fileRef = 9D099C491FF26AAB0070F921 /* Assets.xcassets */; };
		9D099C4D1FF26AAB0070F921 /* LaunchScreen.storyboard in Resources */ = {isa = PBXBuildFile; fileRef = 9D099C4B1FF26AAB0070F921 /* LaunchScreen.storyboard */; };
		9D099C581FF26AAB0070F921 /* NotesTests.swift in Sources */ = {isa = PBXBuildFile; fileRef = 9D099C571FF26AAB0070F921 /* NotesTests.swift */; };
		9D3A38A51FF2A0C200306422 /* AddNoteViewController.swift in Sources */ = {isa = PBXBuildFile; fileRef = 9D3A38A41FF2A0C200306422 /* AddNoteViewController.swift */; };
		9D3A38A81FF2A4C400306422 /* UIViewController.swift in Sources */ = {isa = PBXBuildFile; fileRef = 9D3A38A71FF2A4C400306422 /* UIViewController.swift */; };
		9D9738801FF2721E00C130D2 /* CoreDataManager.swift in Sources */ = {isa = PBXBuildFile; fileRef = 9D97387F1FF2721E00C130D2 /* CoreDataManager.swift */; };
		9D9738851FF2777A00C130D2 /* Notes.xcdatamodeld in Sources */ = {isa = PBXBuildFile; fileRef = 9D9738821FF2761000C130D2 /* Notes.xcdatamodeld */; };
/* End PBXBuildFile section */

/* Begin PBXContainerItemProxy section */
		9D099C541FF26AAB0070F921 /* PBXContainerItemProxy */ = {
			isa = PBXContainerItemProxy;
			containerPortal = 9D099C371FF26AAB0070F921 /* Project object */;
			proxyType = 1;
			remoteGlobalIDString = 9D099C3E1FF26AAB0070F921;
			remoteInfo = Notes;
		};
/* End PBXContainerItemProxy section */

/* Begin PBXFileReference section */
		9D099C3F1FF26AAB0070F921 /* Notes.app */ = {isa = PBXFileReference; explicitFileType = wrapper.application; includeInIndex = 0; path = Notes.app; sourceTree = BUILT_PRODUCTS_DIR; };
		9D099C421FF26AAB0070F921 /* AppDelegate.swift */ = {isa = PBXFileReference; lastKnownFileType = sourcecode.swift; path = AppDelegate.swift; sourceTree = "<group>"; };
		9D099C441FF26AAB0070F921 /* NotesViewController.swift */ = {isa = PBXFileReference; lastKnownFileType = sourcecode.swift; path = NotesViewController.swift; sourceTree = "<group>"; };
		9D099C471FF26AAB0070F921 /* Base */ = {isa = PBXFileReference; lastKnownFileType = file.storyboard; name = Base; path = Base.lproj/Notes.storyboard; sourceTree = "<group>"; };
		9D099C491FF26AAB0070F921 /* Assets.xcassets */ = {isa = PBXFileReference; lastKnownFileType = folder.assetcatalog; path = Assets.xcassets; sourceTree = "<group>"; };
		9D099C4C1FF26AAB0070F921 /* Base */ = {isa = PBXFileReference; lastKnownFileType = file.storyboard; name = Base; path = Base.lproj/LaunchScreen.storyboard; sourceTree = "<group>"; };
		9D099C4E1FF26AAB0070F921 /* Info.plist */ = {isa = PBXFileReference; lastKnownFileType = text.plist.xml; path = Info.plist; sourceTree = "<group>"; };
		9D099C531FF26AAB0070F921 /* NotesTests.xctest */ = {isa = PBXFileReference; explicitFileType = wrapper.cfbundle; includeInIndex = 0; path = NotesTests.xctest; sourceTree = BUILT_PRODUCTS_DIR; };
		9D099C571FF26AAB0070F921 /* NotesTests.swift */ = {isa = PBXFileReference; lastKnownFileType = sourcecode.swift; path = NotesTests.swift; sourceTree = "<group>"; };
		9D099C591FF26AAB0070F921 /* Info.plist */ = {isa = PBXFileReference; lastKnownFileType = text.plist.xml; path = Info.plist; sourceTree = "<group>"; };
		9D3A38A41FF2A0C200306422 /* AddNoteViewController.swift */ = {isa = PBXFileReference; lastKnownFileType = sourcecode.swift; path = AddNoteViewController.swift; sourceTree = "<group>"; };
		9D3A38A71FF2A4C400306422 /* UIViewController.swift */ = {isa = PBXFileReference; lastKnownFileType = sourcecode.swift; path = UIViewController.swift; sourceTree = "<group>"; };
		9D97387F1FF2721E00C130D2 /* CoreDataManager.swift */ = {isa = PBXFileReference; lastKnownFileType = sourcecode.swift; path = CoreDataManager.swift; sourceTree = "<group>"; };
		9D9738831FF2761000C130D2 /* Notes.xcdatamodel */ = {isa = PBXFileReference; lastKnownFileType = wrapper.xcdatamodel; path = Notes.xcdatamodel; sourceTree = "<group>"; };
/* End PBXFileReference section */

/* Begin PBXFrameworksBuildPhase section */
		9D099C3C1FF26AAB0070F921 /* Frameworks */ = {
			isa = PBXFrameworksBuildPhase;
			buildActionMask = 2147483647;
			files = (
			);
			runOnlyForDeploymentPostprocessing = 0;
		};
		9D099C501FF26AAB0070F921 /* Frameworks */ = {
			isa = PBXFrameworksBuildPhase;
			buildActionMask = 2147483647;
			files = (
			);
			runOnlyForDeploymentPostprocessing = 0;
		};
/* End PBXFrameworksBuildPhase section */

/* Begin PBXGroup section */
		9D099C361FF26AAB0070F921 = {
			isa = PBXGroup;
			children = (
				9D099C411FF26AAB0070F921 /* Notes */,
				9D099C561FF26AAB0070F921 /* NotesTests */,
				9D099C401FF26AAB0070F921 /* Products */,
			);
			sourceTree = "<group>";
		};
		9D099C401FF26AAB0070F921 /* Products */ = {
			isa = PBXGroup;
			children = (
				9D099C3F1FF26AAB0070F921 /* Notes.app */,
				9D099C531FF26AAB0070F921 /* NotesTests.xctest */,
			);
			name = Products;
			sourceTree = "<group>";
		};
		9D099C411FF26AAB0070F921 /* Notes */ = {
			isa = PBXGroup;
			children = (
				9D3A38A61FF2A4B500306422 /* Extensions */,
				9D099C621FF26C7E0070F921 /* Application Delegate */,
				9D099C631FF26C990070F921 /* View Controllers */,
				9D099C641FF26CA60070F921 /* Storyboards */,
				9D099C661FF26CD30070F921 /* Managers */,
				9D9738811FF275FD00C130D2 /* Core Data */,
				9D099C651FF26CBA0070F921 /* Supporting Files */,
			);
			path = Notes;
			sourceTree = "<group>";
		};
		9D099C561FF26AAB0070F921 /* NotesTests */ = {
			isa = PBXGroup;
			children = (
				9D099C571FF26AAB0070F921 /* NotesTests.swift */,
				9D099C591FF26AAB0070F921 /* Info.plist */,
			);
			path = NotesTests;
			sourceTree = "<group>";
		};
		9D099C621FF26C7E0070F921 /* Application Delegate */ = {
			isa = PBXGroup;
			children = (
				9D099C421FF26AAB0070F921 /* AppDelegate.swift */,
			);
			path = "Application Delegate";
			sourceTree = "<group>";
		};
		9D099C631FF26C990070F921 /* View Controllers */ = {
			isa = PBXGroup;
			children = (
				9D099C441FF26AAB0070F921 /* NotesViewController.swift */,
				9D3A38A41FF2A0C200306422 /* AddNoteViewController.swift */,
			);
			path = "View Controllers";
			sourceTree = "<group>";
		};
		9D099C641FF26CA60070F921 /* Storyboards */ = {
			isa = PBXGroup;
			children = (
				9D099C461FF26AAB0070F921 /* Notes.storyboard */,
				9D099C4B1FF26AAB0070F921 /* LaunchScreen.storyboard */,
			);
			path = Storyboards;
			sourceTree = "<group>";
		};
		9D099C651FF26CBA0070F921 /* Supporting Files */ = {
			isa = PBXGroup;
			children = (
				9D099C491FF26AAB0070F921 /* Assets.xcassets */,
				9D099C4E1FF26AAB0070F921 /* Info.plist */,
			);
			path = "Supporting Files";
			sourceTree = "<group>";
		};
		9D099C661FF26CD30070F921 /* Managers */ = {
			isa = PBXGroup;
			children = (
				9D97387F1FF2721E00C130D2 /* CoreDataManager.swift */,
			);
			path = Managers;
			sourceTree = "<group>";
		};
		9D3A38A61FF2A4B500306422 /* Extensions */ = {
			isa = PBXGroup;
			children = (
				9D3A38A71FF2A4C400306422 /* UIViewController.swift */,
			);
			path = Extensions;
			sourceTree = "<group>";
		};
		9D9738811FF275FD00C130D2 /* Core Data */ = {
			isa = PBXGroup;
			children = (
				9D9738821FF2761000C130D2 /* Notes.xcdatamodeld */,
			);
			path = "Core Data";
			sourceTree = "<group>";
		};
/* End PBXGroup section */

/* Begin PBXNativeTarget section */
		9D099C3E1FF26AAB0070F921 /* Notes */ = {
			isa = PBXNativeTarget;
			buildConfigurationList = 9D099C5C1FF26AAB0070F921 /* Build configuration list for PBXNativeTarget "Notes" */;
			buildPhases = (
				9D099C3B1FF26AAB0070F921 /* Sources */,
				9D099C3C1FF26AAB0070F921 /* Frameworks */,
				9D099C3D1FF26AAB0070F921 /* Resources */,
			);
			buildRules = (
			);
			dependencies = (
			);
			name = Notes;
			productName = Notes;
			productReference = 9D099C3F1FF26AAB0070F921 /* Notes.app */;
			productType = "com.apple.product-type.application";
		};
		9D099C521FF26AAB0070F921 /* NotesTests */ = {
			isa = PBXNativeTarget;
			buildConfigurationList = 9D099C5F1FF26AAB0070F921 /* Build configuration list for PBXNativeTarget "NotesTests" */;
			buildPhases = (
				9D099C4F1FF26AAB0070F921 /* Sources */,
				9D099C501FF26AAB0070F921 /* Frameworks */,
				9D099C511FF26AAB0070F921 /* Resources */,
			);
			buildRules = (
			);
			dependencies = (
				9D099C551FF26AAB0070F921 /* PBXTargetDependency */,
			);
			name = NotesTests;
			productName = NotesTests;
			productReference = 9D099C531FF26AAB0070F921 /* NotesTests.xctest */;
			productType = "com.apple.product-type.bundle.unit-test";
		};
/* End PBXNativeTarget section */

/* Begin PBXProject section */
		9D099C371FF26AAB0070F921 /* Project object */ = {
			isa = PBXProject;
			attributes = {
				LastSwiftUpdateCheck = 0920;
				LastUpgradeCheck = 0920;
				ORGANIZATIONNAME = red;
				TargetAttributes = {
					9D099C3E1FF26AAB0070F921 = {
						CreatedOnToolsVersion = 9.2;
						ProvisioningStyle = Automatic;
					};
					9D099C521FF26AAB0070F921 = {
						CreatedOnToolsVersion = 9.2;
						ProvisioningStyle = Automatic;
						TestTargetID = 9D099C3E1FF26AAB0070F921;
					};
				};
			};
			buildConfigurationList = 9D099C3A1FF26AAB0070F921 /* Build configuration list for PBXProject "Notes" */;
			compatibilityVersion = "Xcode 8.0";
			developmentRegion = en;
			hasScannedForEncodings = 0;
			knownRegions = (
				en,
				Base,
			);
			mainGroup = 9D099C361FF26AAB0070F921;
			productRefGroup = 9D099C401FF26AAB0070F921 /* Products */;
			projectDirPath = "";
			projectRoot = "";
			targets = (
				9D099C3E1FF26AAB0070F921 /* Notes */,
				9D099C521FF26AAB0070F921 /* NotesTests */,
			);
		};
/* End PBXProject section */

/* Begin PBXResourcesBuildPhase section */
		9D099C3D1FF26AAB0070F921 /* Resources */ = {
			isa = PBXResourcesBuildPhase;
			buildActionMask = 2147483647;
			files = (
				9D099C4D1FF26AAB0070F921 /* LaunchScreen.storyboard in Resources */,
				9D099C4A1FF26AAB0070F921 /* Assets.xcassets in Resources */,
				9D099C481FF26AAB0070F921 /* Notes.storyboard in Resources */,
			);
			runOnlyForDeploymentPostprocessing = 0;
		};
		9D099C511FF26AAB0070F921 /* Resources */ = {
			isa = PBXResourcesBuildPhase;
			buildActionMask = 2147483647;
			files = (
			);
			runOnlyForDeploymentPostprocessing = 0;
		};
/* End PBXResourcesBuildPhase section */

/* Begin PBXSourcesBuildPhase section */
		9D099C3B1FF26AAB0070F921 /* Sources */ = {
			isa = PBXSourcesBuildPhase;
			buildActionMask = 2147483647;
			files = (
				9D9738801FF2721E00C130D2 /* CoreDataManager.swift in Sources */,
				9D099C451FF26AAB0070F921 /* NotesViewController.swift in Sources */,
				9D3A38A81FF2A4C400306422 /* UIViewController.swift in Sources */,
				9D099C431FF26AAB0070F921 /* AppDelegate.swift in Sources */,
				9D3A38A51FF2A0C200306422 /* AddNoteViewController.swift in Sources */,
				9D9738851FF2777A00C130D2 /* Notes.xcdatamodeld in Sources */,
			);
			runOnlyForDeploymentPostprocessing = 0;
		};
		9D099C4F1FF26AAB0070F921 /* Sources */ = {
			isa = PBXSourcesBuildPhase;
			buildActionMask = 2147483647;
			files = (
				9D099C581FF26AAB0070F921 /* NotesTests.swift in Sources */,
			);
			runOnlyForDeploymentPostprocessing = 0;
		};
/* End PBXSourcesBuildPhase section */

/* Begin PBXTargetDependency section */
		9D099C551FF26AAB0070F921 /* PBXTargetDependency */ = {
			isa = PBXTargetDependency;
			target = 9D099C3E1FF26AAB0070F921 /* Notes */;
			targetProxy = 9D099C541FF26AAB0070F921 /* PBXContainerItemProxy */;
		};
/* End PBXTargetDependency section */

/* Begin PBXVariantGroup section */
		9D099C461FF26AAB0070F921 /* Notes.storyboard */ = {
			isa = PBXVariantGroup;
			children = (
				9D099C471FF26AAB0070F921 /* Base */,
			);
			name = Notes.storyboard;
			sourceTree = "<group>";
		};
		9D099C4B1FF26AAB0070F921 /* LaunchScreen.storyboard */ = {
			isa = PBXVariantGroup;
			children = (
				9D099C4C1FF26AAB0070F921 /* Base */,
			);
			name = LaunchScreen.storyboard;
			sourceTree = "<group>";
		};
/* End PBXVariantGroup section */

/* Begin XCBuildConfiguration section */
		9D099C5A1FF26AAB0070F921 /* Debug */ = {
			isa = XCBuildConfiguration;
			buildSettings = {
				ALWAYS_SEARCH_USER_PATHS = NO;
				CLANG_ANALYZER_NONNULL = YES;
				CLANG_ANALYZER_NUMBER_OBJECT_CONVERSION = YES_AGGRESSIVE;
				CLANG_CXX_LANGUAGE_STANDARD = "gnu++14";
				CLANG_CXX_LIBRARY = "libc++";
				CLANG_ENABLE_MODULES = YES;
				CLANG_ENABLE_OBJC_ARC = YES;
				CLANG_WARN_BLOCK_CAPTURE_AUTORELEASING = YES;
				CLANG_WARN_BOOL_CONVERSION = YES;
				CLANG_WARN_COMMA = YES;
				CLANG_WARN_CONSTANT_CONVERSION = YES;
				CLANG_WARN_DIRECT_OBJC_ISA_USAGE = YES_ERROR;
				CLANG_WARN_DOCUMENTATION_COMMENTS = YES;
				CLANG_WARN_EMPTY_BODY = YES;
				CLANG_WARN_ENUM_CONVERSION = YES;
				CLANG_WARN_INFINITE_RECURSION = YES;
				CLANG_WARN_INT_CONVERSION = YES;
				CLANG_WARN_NON_LITERAL_NULL_CONVERSION = YES;
				CLANG_WARN_OBJC_LITERAL_CONVERSION = YES;
				CLANG_WARN_OBJC_ROOT_CLASS = YES_ERROR;
				CLANG_WARN_RANGE_LOOP_ANALYSIS = YES;
				CLANG_WARN_STRICT_PROTOTYPES = YES;
				CLANG_WARN_SUSPICIOUS_MOVE = YES;
				CLANG_WARN_UNGUARDED_AVAILABILITY = YES_AGGRESSIVE;
				CLANG_WARN_UNREACHABLE_CODE = YES;
				CLANG_WARN__DUPLICATE_METHOD_MATCH = YES;
				CODE_SIGN_IDENTITY = "iPhone Developer";
				COPY_PHASE_STRIP = NO;
				DEBUG_INFORMATION_FORMAT = dwarf;
				ENABLE_STRICT_OBJC_MSGSEND = YES;
				ENABLE_TESTABILITY = YES;
				GCC_C_LANGUAGE_STANDARD = gnu11;
				GCC_DYNAMIC_NO_PIC = NO;
				GCC_NO_COMMON_BLOCKS = YES;
				GCC_OPTIMIZATION_LEVEL = 0;
				GCC_PREPROCESSOR_DEFINITIONS = (
					"DEBUG=1",
					"$(inherited)",
				);
				GCC_WARN_64_TO_32_BIT_CONVERSION = YES;
				GCC_WARN_ABOUT_RETURN_TYPE = YES_ERROR;
				GCC_WARN_UNDECLARED_SELECTOR = YES;
				GCC_WARN_UNINITIALIZED_AUTOS = YES_AGGRESSIVE;
				GCC_WARN_UNUSED_FUNCTION = YES;
				GCC_WARN_UNUSED_VARIABLE = YES;
				IPHONEOS_DEPLOYMENT_TARGET = 11.2;
				MTL_ENABLE_DEBUG_INFO = YES;
				ONLY_ACTIVE_ARCH = YES;
				SDKROOT = iphoneos;
				SWIFT_ACTIVE_COMPILATION_CONDITIONS = DEBUG;
				SWIFT_OPTIMIZATION_LEVEL = "-Onone";
			};
			name = Debug;
		};
		9D099C5B1FF26AAB0070F921 /* Release */ = {
			isa = XCBuildConfiguration;
			buildSettings = {
				ALWAYS_SEARCH_USER_PATHS = NO;
				CLANG_ANALYZER_NONNULL = YES;
				CLANG_ANALYZER_NUMBER_OBJECT_CONVERSION = YES_AGGRESSIVE;
				CLANG_CXX_LANGUAGE_STANDARD = "gnu++14";
				CLANG_CXX_LIBRARY = "libc++";
				CLANG_ENABLE_MODULES = YES;
				CLANG_ENABLE_OBJC_ARC = YES;
				CLANG_WARN_BLOCK_CAPTURE_AUTORELEASING = YES;
				CLANG_WARN_BOOL_CONVERSION = YES;
				CLANG_WARN_COMMA = YES;
				CLANG_WARN_CONSTANT_CONVERSION = YES;
				CLANG_WARN_DIRECT_OBJC_ISA_USAGE = YES_ERROR;
				CLANG_WARN_DOCUMENTATION_COMMENTS = YES;
				CLANG_WARN_EMPTY_BODY = YES;
				CLANG_WARN_ENUM_CONVERSION = YES;
				CLANG_WARN_INFINITE_RECURSION = YES;
				CLANG_WARN_INT_CONVERSION = YES;
				CLANG_WARN_NON_LITERAL_NULL_CONVERSION = YES;
				CLANG_WARN_OBJC_LITERAL_CONVERSION = YES;
				CLANG_WARN_OBJC_ROOT_CLASS = YES_ERROR;
				CLANG_WARN_RANGE_LOOP_ANALYSIS = YES;
				CLANG_WARN_STRICT_PROTOTYPES = YES;
				CLANG_WARN_SUSPICIOUS_MOVE = YES;
				CLANG_WARN_UNGUARDED_AVAILABILITY = YES_AGGRESSIVE;
				CLANG_WARN_UNREACHABLE_CODE = YES;
				CLANG_WARN__DUPLICATE_METHOD_MATCH = YES;
				CODE_SIGN_IDENTITY = "iPhone Developer";
				COPY_PHASE_STRIP = NO;
				DEBUG_INFORMATION_FORMAT = "dwarf-with-dsym";
				ENABLE_NS_ASSERTIONS = NO;
				ENABLE_STRICT_OBJC_MSGSEND = YES;
				GCC_C_LANGUAGE_STANDARD = gnu11;
				GCC_NO_COMMON_BLOCKS = YES;
				GCC_WARN_64_TO_32_BIT_CONVERSION = YES;
				GCC_WARN_ABOUT_RETURN_TYPE = YES_ERROR;
				GCC_WARN_UNDECLARED_SELECTOR = YES;
				GCC_WARN_UNINITIALIZED_AUTOS = YES_AGGRESSIVE;
				GCC_WARN_UNUSED_FUNCTION = YES;
				GCC_WARN_UNUSED_VARIABLE = YES;
				IPHONEOS_DEPLOYMENT_TARGET = 11.2;
				MTL_ENABLE_DEBUG_INFO = NO;
				SDKROOT = iphoneos;
				SWIFT_OPTIMIZATION_LEVEL = "-Owholemodule";
				VALIDATE_PRODUCT = YES;
			};
			name = Release;
		};
		9D099C5D1FF26AAB0070F921 /* Debug */ = {
			isa = XCBuildConfiguration;
			buildSettings = {
				ASSETCATALOG_COMPILER_APPICON_NAME = AppIcon;
				CODE_SIGN_STYLE = Automatic;
				DEVELOPMENT_TEAM = "";
				INFOPLIST_FILE = "Notes/Supporting Files/Info.plist";
				LD_RUNPATH_SEARCH_PATHS = "$(inherited) @executable_path/Frameworks";
				PRODUCT_BUNDLE_IDENTIFIER = io.github.redsubmarine.Notes;
				PRODUCT_NAME = "$(TARGET_NAME)";
				SWIFT_VERSION = 4.0;
				TARGETED_DEVICE_FAMILY = "1,2";
			};
			name = Debug;
		};
		9D099C5E1FF26AAB0070F921 /* Release */ = {
			isa = XCBuildConfiguration;
			buildSettings = {
				ASSETCATALOG_COMPILER_APPICON_NAME = AppIcon;
				CODE_SIGN_STYLE = Automatic;
				DEVELOPMENT_TEAM = "";
				INFOPLIST_FILE = "Notes/Supporting Files/Info.plist";
				LD_RUNPATH_SEARCH_PATHS = "$(inherited) @executable_path/Frameworks";
				PRODUCT_BUNDLE_IDENTIFIER = io.github.redsubmarine.Notes;
				PRODUCT_NAME = "$(TARGET_NAME)";
				SWIFT_VERSION = 4.0;
				TARGETED_DEVICE_FAMILY = "1,2";
			};
			name = Release;
		};
		9D099C601FF26AAB0070F921 /* Debug */ = {
			isa = XCBuildConfiguration;
			buildSettings = {
				ALWAYS_EMBED_SWIFT_STANDARD_LIBRARIES = YES;
				BUNDLE_LOADER = "$(TEST_HOST)";
				CODE_SIGN_STYLE = Automatic;
				INFOPLIST_FILE = NotesTests/Info.plist;
				LD_RUNPATH_SEARCH_PATHS = "$(inherited) @executable_path/Frameworks @loader_path/Frameworks";
				PRODUCT_BUNDLE_IDENTIFIER = io.github.redsubmarine.NotesTests;
				PRODUCT_NAME = "$(TARGET_NAME)";
				SWIFT_VERSION = 4.0;
				TARGETED_DEVICE_FAMILY = "1,2";
				TEST_HOST = "$(BUILT_PRODUCTS_DIR)/Notes.app/Notes";
			};
			name = Debug;
		};
		9D099C611FF26AAB0070F921 /* Release */ = {
			isa = XCBuildConfiguration;
			buildSettings = {
				ALWAYS_EMBED_SWIFT_STANDARD_LIBRARIES = YES;
				BUNDLE_LOADER = "$(TEST_HOST)";
				CODE_SIGN_STYLE = Automatic;
				INFOPLIST_FILE = NotesTests/Info.plist;
				LD_RUNPATH_SEARCH_PATHS = "$(inherited) @executable_path/Frameworks @loader_path/Frameworks";
				PRODUCT_BUNDLE_IDENTIFIER = io.github.redsubmarine.NotesTests;
				PRODUCT_NAME = "$(TARGET_NAME)";
				SWIFT_VERSION = 4.0;
				TARGETED_DEVICE_FAMILY = "1,2";
				TEST_HOST = "$(BUILT_PRODUCTS_DIR)/Notes.app/Notes";
			};
			name = Release;
		};
/* End XCBuildConfiguration section */

/* Begin XCConfigurationList section */
		9D099C3A1FF26AAB0070F921 /* Build configuration list for PBXProject "Notes" */ = {
			isa = XCConfigurationList;
			buildConfigurations = (
				9D099C5A1FF26AAB0070F921 /* Debug */,
				9D099C5B1FF26AAB0070F921 /* Release */,
			);
			defaultConfigurationIsVisible = 0;
			defaultConfigurationName = Release;
		};
		9D099C5C1FF26AAB0070F921 /* Build configuration list for PBXNativeTarget "Notes" */ = {
			isa = XCConfigurationList;
			buildConfigurations = (
				9D099C5D1FF26AAB0070F921 /* Debug */,
				9D099C5E1FF26AAB0070F921 /* Release */,
			);
			defaultConfigurationIsVisible = 0;
			defaultConfigurationName = Release;
		};
		9D099C5F1FF26AAB0070F921 /* Build configuration list for PBXNativeTarget "NotesTests" */ = {
			isa = XCConfigurationList;
			buildConfigurations = (
				9D099C601FF26AAB0070F921 /* Debug */,
				9D099C611FF26AAB0070F921 /* Release */,
			);
			defaultConfigurationIsVisible = 0;
			defaultConfigurationName = Release;
		};
/* End XCConfigurationList section */

/* Begin XCVersionGroup section */
		9D9738821FF2761000C130D2 /* Notes.xcdatamodeld */ = {
			isa = XCVersionGroup;
			children = (
				9D9738831FF2761000C130D2 /* Notes.xcdatamodel */,
			);
			currentVersion = 9D9738831FF2761000C130D2 /* Notes.xcdatamodel */;
			path = Notes.xcdatamodeld;
			sourceTree = "<group>";
			versionGroupType = wrapper.xcdatamodel;
		};
/* End XCVersionGroup section */
	};
	rootObject = 9D099C371FF26AAB0070F921 /* Project object */;
}
